// !$*UTF8*$!
{
	archiveVersion = 1;
	classes = {
	};
	objectVersion = 50;
	objects = {

/* Begin PBXBuildFile section */
		088C25502118CF840012FE23 /* AppDelegate.swift in Sources */ = {isa = PBXBuildFile; fileRef = 088C254F2118CF840012FE23 /* AppDelegate.swift */; };
		088C25522118CF840012FE23 /* ViewController.swift in Sources */ = {isa = PBXBuildFile; fileRef = 088C25512118CF840012FE23 /* ViewController.swift */; };
		088C25572118CF850012FE23 /* Assets.xcassets in Resources */ = {isa = PBXBuildFile; fileRef = 088C25562118CF850012FE23 /* Assets.xcassets */; };
		088C255A2118CF850012FE23 /* LaunchScreen.storyboard in Resources */ = {isa = PBXBuildFile; fileRef = 088C25582118CF850012FE23 /* LaunchScreen.storyboard */; };
		088C25622118D0340012FE23 /* PianoKey.swift in Sources */ = {isa = PBXBuildFile; fileRef = 088C25612118D0340012FE23 /* PianoKey.swift */; };
		088C25652118E3970012FE23 /* PianoKeyView.swift in Sources */ = {isa = PBXBuildFile; fileRef = 088C25642118E3970012FE23 /* PianoKeyView.swift */; };
		08CA15BA2118F22200799833 /* 1.wav in Resources */ = {isa = PBXBuildFile; fileRef = 088C25662118F1500012FE23 /* 1.wav */; };
		08CA15BB2118F22200799833 /* 5.wav in Resources */ = {isa = PBXBuildFile; fileRef = 088C256D2118F1500012FE23 /* 5.wav */; };
		08CA15BC2118F22200799833 /* 6.wav in Resources */ = {isa = PBXBuildFile; fileRef = 088C25672118F1500012FE23 /* 6.wav */; };
		08CA15BD2118F22200799833 /* 7.wav in Resources */ = {isa = PBXBuildFile; fileRef = 088C25702118F1510012FE23 /* 7.wav */; };
		08CA15BE2118F22200799833 /* 9.wav in Resources */ = {isa = PBXBuildFile; fileRef = 088C256C2118F1500012FE23 /* 9.wav */; };
		08CA15BF2118F22200799833 /* 12.wav in Resources */ = {isa = PBXBuildFile; fileRef = 088C25692118F1500012FE23 /* 12.wav */; };
		08CA15C02118F22200799833 /* 3.wav in Resources */ = {isa = PBXBuildFile; fileRef = 088C256B2118F1500012FE23 /* 3.wav */; };
		08CA15C12118F22200799833 /* 8.wav in Resources */ = {isa = PBXBuildFile; fileRef = 088C256E2118F1500012FE23 /* 8.wav */; };
		08CA15C22118F22200799833 /* 4.wav in Resources */ = {isa = PBXBuildFile; fileRef = 088C256A2118F1500012FE23 /* 4.wav */; };
		08CA15C32118F22200799833 /* 2.wav in Resources */ = {isa = PBXBuildFile; fileRef = 088C256F2118F1500012FE23 /* 2.wav */; };
		08CA15C42118F22200799833 /* 10.wav in Resources */ = {isa = PBXBuildFile; fileRef = 088C25682118F1500012FE23 /* 10.wav */; };
		08CA15C62118F26E00799833 /* 11.wav in Resources */ = {isa = PBXBuildFile; fileRef = 08CA15C52118F26E00799833 /* 11.wav */; };
		08CA15C82119060300799833 /* NoteView.swift in Sources */ = {isa = PBXBuildFile; fileRef = 08CA15C72119060300799833 /* NoteView.swift */; };
/* End PBXBuildFile section */

/* Begin PBXFileReference section */
		088C254C2118CF840012FE23 /* PianoApp.app */ = {isa = PBXFileReference; explicitFileType = wrapper.application; includeInIndex = 0; path = PianoApp.app; sourceTree = BUILT_PRODUCTS_DIR; };
		088C254F2118CF840012FE23 /* AppDelegate.swift */ = {isa = PBXFileReference; lastKnownFileType = sourcecode.swift; path = AppDelegate.swift; sourceTree = "<group>"; };
		088C25512118CF840012FE23 /* ViewController.swift */ = {isa = PBXFileReference; lastKnownFileType = sourcecode.swift; path = ViewController.swift; sourceTree = "<group>"; };
		088C25562118CF850012FE23 /* Assets.xcassets */ = {isa = PBXFileReference; lastKnownFileType = folder.assetcatalog; path = Assets.xcassets; sourceTree = "<group>"; };
		088C25592118CF850012FE23 /* Base */ = {isa = PBXFileReference; lastKnownFileType = file.storyboard; name = Base; path = Base.lproj/LaunchScreen.storyboard; sourceTree = "<group>"; };
		088C255B2118CF850012FE23 /* Info.plist */ = {isa = PBXFileReference; lastKnownFileType = text.plist.xml; path = Info.plist; sourceTree = "<group>"; };
		088C25612118D0340012FE23 /* PianoKey.swift */ = {isa = PBXFileReference; lastKnownFileType = sourcecode.swift; path = PianoKey.swift; sourceTree = "<group>"; };
		088C25632118D2150012FE23 /* Play.playground */ = {isa = PBXFileReference; lastKnownFileType = file.playground; path = Play.playground; sourceTree = "<group>"; xcLanguageSpecificationIdentifier = xcode.lang.swift; };
		088C25642118E3970012FE23 /* PianoKeyView.swift */ = {isa = PBXFileReference; lastKnownFileType = sourcecode.swift; path = PianoKeyView.swift; sourceTree = "<group>"; };
		088C25662118F1500012FE23 /* 1.wav */ = {isa = PBXFileReference; lastKnownFileType = audio.wav; path = 1.wav; sourceTree = "<group>"; };
		088C25672118F1500012FE23 /* 6.wav */ = {isa = PBXFileReference; lastKnownFileType = audio.wav; path = 6.wav; sourceTree = "<group>"; };
		088C25682118F1500012FE23 /* 10.wav */ = {isa = PBXFileReference; lastKnownFileType = audio.wav; path = 10.wav; sourceTree = "<group>"; };
		088C25692118F1500012FE23 /* 12.wav */ = {isa = PBXFileReference; lastKnownFileType = audio.wav; path = 12.wav; sourceTree = "<group>"; };
		088C256A2118F1500012FE23 /* 4.wav */ = {isa = PBXFileReference; lastKnownFileType = audio.wav; path = 4.wav; sourceTree = "<group>"; };
		088C256B2118F1500012FE23 /* 3.wav */ = {isa = PBXFileReference; lastKnownFileType = audio.wav; path = 3.wav; sourceTree = "<group>"; };
		088C256C2118F1500012FE23 /* 9.wav */ = {isa = PBXFileReference; lastKnownFileType = audio.wav; path = 9.wav; sourceTree = "<group>"; };
		088C256D2118F1500012FE23 /* 5.wav */ = {isa = PBXFileReference; lastKnownFileType = audio.wav; path = 5.wav; sourceTree = "<group>"; };
		088C256E2118F1500012FE23 /* 8.wav */ = {isa = PBXFileReference; lastKnownFileType = audio.wav; path = 8.wav; sourceTree = "<group>"; };
		088C256F2118F1500012FE23 /* 2.wav */ = {isa = PBXFileReference; lastKnownFileType = audio.wav; path = 2.wav; sourceTree = "<group>"; };
		088C25702118F1510012FE23 /* 7.wav */ = {isa = PBXFileReference; lastKnownFileType = audio.wav; path = 7.wav; sourceTree = "<group>"; };
		08CA15C52118F26E00799833 /* 11.wav */ = {isa = PBXFileReference; lastKnownFileType = audio.wav; path = 11.wav; sourceTree = "<group>"; };
		08CA15C72119060300799833 /* NoteView.swift */ = {isa = PBXFileReference; lastKnownFileType = sourcecode.swift; path = NoteView.swift; sourceTree = "<group>"; };
/* End PBXFileReference section */

/* Begin PBXFrameworksBuildPhase section */
		088C25492118CF840012FE23 /* Frameworks */ = {
			isa = PBXFrameworksBuildPhase;
			buildActionMask = 2147483647;
			files = (
			);
			runOnlyForDeploymentPostprocessing = 0;
		};
/* End PBXFrameworksBuildPhase section */

/* Begin PBXGroup section */
		085C65452118F16E0052C80F /* Sounds */ = {
			isa = PBXGroup;
			children = (
				08CA15C52118F26E00799833 /* 11.wav */,
				088C25662118F1500012FE23 /* 1.wav */,
				088C256D2118F1500012FE23 /* 5.wav */,
				088C25672118F1500012FE23 /* 6.wav */,
				088C25702118F1510012FE23 /* 7.wav */,
				088C256C2118F1500012FE23 /* 9.wav */,
				088C25692118F1500012FE23 /* 12.wav */,
				088C256B2118F1500012FE23 /* 3.wav */,
				088C256E2118F1500012FE23 /* 8.wav */,
				088C256A2118F1500012FE23 /* 4.wav */,
				088C256F2118F1500012FE23 /* 2.wav */,
				088C25682118F1500012FE23 /* 10.wav */,
			);
			name = Sounds;
			sourceTree = "<group>";
		};
		088C25432118CF840012FE23 = {
			isa = PBXGroup;
			children = (
				088C254E2118CF840012FE23 /* PianoApp */,
				088C254D2118CF840012FE23 /* Products */,
			);
			sourceTree = "<group>";
		};
		088C254D2118CF840012FE23 /* Products */ = {
			isa = PBXGroup;
			children = (
				088C254C2118CF840012FE23 /* PianoApp.app */,
			);
			name = Products;
			sourceTree = "<group>";
		};
		088C254E2118CF840012FE23 /* PianoApp */ = {
			isa = PBXGroup;
			children = (
				085C65452118F16E0052C80F /* Sounds */,
				088C254F2118CF840012FE23 /* AppDelegate.swift */,
				088C25512118CF840012FE23 /* ViewController.swift */,
				08CA15C72119060300799833 /* NoteView.swift */,
				088C25642118E3970012FE23 /* PianoKeyView.swift */,
				088C25612118D0340012FE23 /* PianoKey.swift */,
				088C25632118D2150012FE23 /* Play.playground */,
				088C25562118CF850012FE23 /* Assets.xcassets */,
				088C25582118CF850012FE23 /* LaunchScreen.storyboard */,
				088C255B2118CF850012FE23 /* Info.plist */,
			);
			path = PianoApp;
			sourceTree = "<group>";
		};
/* End PBXGroup section */

/* Begin PBXNativeTarget section */
		088C254B2118CF840012FE23 /* PianoApp */ = {
			isa = PBXNativeTarget;
			buildConfigurationList = 088C255E2118CF850012FE23 /* Build configuration list for PBXNativeTarget "PianoApp" */;
			buildPhases = (
				088C25482118CF840012FE23 /* Sources */,
				088C25492118CF840012FE23 /* Frameworks */,
				088C254A2118CF840012FE23 /* Resources */,
			);
			buildRules = (
			);
			dependencies = (
			);
			name = PianoApp;
			productName = PianoApp;
			productReference = 088C254C2118CF840012FE23 /* PianoApp.app */;
			productType = "com.apple.product-type.application";
		};
/* End PBXNativeTarget section */

/* Begin PBXProject section */
		088C25442118CF840012FE23 /* Project object */ = {
			isa = PBXProject;
			attributes = {
				LastSwiftUpdateCheck = 1000;
				LastUpgradeCheck = 1000;
				ORGANIZATIONNAME = OleR;
				TargetAttributes = {
					088C254B2118CF840012FE23 = {
						CreatedOnToolsVersion = 10.0;
					};
				};
			};
			buildConfigurationList = 088C25472118CF840012FE23 /* Build configuration list for PBXProject "PianoApp" */;
			compatibilityVersion = "Xcode 9.3";
			developmentRegion = en;
			hasScannedForEncodings = 0;
			knownRegions = (
				en,
				Base,
			);
			mainGroup = 088C25432118CF840012FE23;
			productRefGroup = 088C254D2118CF840012FE23 /* Products */;
			projectDirPath = "";
			projectRoot = "";
			targets = (
				088C254B2118CF840012FE23 /* PianoApp */,
			);
		};
/* End PBXProject section */

/* Begin PBXResourcesBuildPhase section */
		088C254A2118CF840012FE23 /* Resources */ = {
			isa = PBXResourcesBuildPhase;
			buildActionMask = 2147483647;
			files = (
				08CA15C42118F22200799833 /* 10.wav in Resources */,
				08CA15C22118F22200799833 /* 4.wav in Resources */,
				08CA15BD2118F22200799833 /* 7.wav in Resources */,
				08CA15C12118F22200799833 /* 8.wav in Resources */,
				08CA15C32118F22200799833 /* 2.wav in Resources */,
				08CA15BC2118F22200799833 /* 6.wav in Resources */,
				08CA15BA2118F22200799833 /* 1.wav in Resources */,
				088C255A2118CF850012FE23 /* LaunchScreen.storyboard in Resources */,
				08CA15BE2118F22200799833 /* 9.wav in Resources */,
				08CA15BF2118F22200799833 /* 12.wav in Resources */,
				08CA15C62118F26E00799833 /* 11.wav in Resources */,
				08CA15C02118F22200799833 /* 3.wav in Resources */,
				08CA15BB2118F22200799833 /* 5.wav in Resources */,
				088C25572118CF850012FE23 /* Assets.xcassets in Resources */,
			);
			runOnlyForDeploymentPostprocessing = 0;
		};
/* End PBXResourcesBuildPhase section */

/* Begin PBXSourcesBuildPhase section */
		088C25482118CF840012FE23 /* Sources */ = {
			isa = PBXSourcesBuildPhase;
			buildActionMask = 2147483647;
			files = (
				088C25522118CF840012FE23 /* ViewController.swift in Sources */,
				08CA15C82119060300799833 /* NoteView.swift in Sources */,
				088C25502118CF840012FE23 /* AppDelegate.swift in Sources */,
				088C25652118E3970012FE23 /* PianoKeyView.swift in Sources */,
				088C25622118D0340012FE23 /* PianoKey.swift in Sources */,
			);
			runOnlyForDeploymentPostprocessing = 0;
		};
/* End PBXSourcesBuildPhase section */

/* Begin PBXVariantGroup section */
		088C25582118CF850012FE23 /* LaunchScreen.storyboard */ = {
			isa = PBXVariantGroup;
			children = (
				088C25592118CF850012FE23 /* Base */,
			);
			name = LaunchScreen.storyboard;
			sourceTree = "<group>";
		};
/* End PBXVariantGroup section */

/* Begin XCBuildConfiguration section */
		088C255C2118CF850012FE23 /* Debug */ = {
			isa = XCBuildConfiguration;
			buildSettings = {
				ALWAYS_SEARCH_USER_PATHS = NO;
				CLANG_ANALYZER_NONNULL = YES;
				CLANG_ANALYZER_NUMBER_OBJECT_CONVERSION = YES_AGGRESSIVE;
				CLANG_CXX_LANGUAGE_STANDARD = "gnu++14";
				CLANG_CXX_LIBRARY = "libc++";
				CLANG_ENABLE_MODULES = YES;
				CLANG_ENABLE_OBJC_ARC = YES;
				CLANG_ENABLE_OBJC_WEAK = YES;
				CLANG_WARN_BLOCK_CAPTURE_AUTORELEASING = YES;
				CLANG_WARN_BOOL_CONVERSION = YES;
				CLANG_WARN_COMMA = YES;
				CLANG_WARN_CONSTANT_CONVERSION = YES;
				CLANG_WARN_DEPRECATED_OBJC_IMPLEMENTATIONS = YES;
				CLANG_WARN_DIRECT_OBJC_ISA_USAGE = YES_ERROR;
				CLANG_WARN_DOCUMENTATION_COMMENTS = YES;
				CLANG_WARN_EMPTY_BODY = YES;
				CLANG_WARN_ENUM_CONVERSION = YES;
				CLANG_WARN_INFINITE_RECURSION = YES;
				CLANG_WARN_INT_CONVERSION = YES;
				CLANG_WARN_NON_LITERAL_NULL_CONVERSION = YES;
				CLANG_WARN_OBJC_IMPLICIT_RETAIN_SELF = YES;
				CLANG_WARN_OBJC_LITERAL_CONVERSION = YES;
				CLANG_WARN_OBJC_ROOT_CLASS = YES_ERROR;
				CLANG_WARN_RANGE_LOOP_ANALYSIS = YES;
				CLANG_WARN_STRICT_PROTOTYPES = YES;
				CLANG_WARN_SUSPICIOUS_MOVE = YES;
				CLANG_WARN_UNGUARDED_AVAILABILITY = YES_AGGRESSIVE;
				CLANG_WARN_UNREACHABLE_CODE = YES;
				CLANG_WARN__DUPLICATE_METHOD_MATCH = YES;
				CODE_SIGN_IDENTITY = "iPhone Developer";
				COPY_PHASE_STRIP = NO;
				DEBUG_INFORMATION_FORMAT = dwarf;
				ENABLE_STRICT_OBJC_MSGSEND = YES;
				ENABLE_TESTABILITY = YES;
				GCC_C_LANGUAGE_STANDARD = gnu11;
				GCC_DYNAMIC_NO_PIC = NO;
				GCC_NO_COMMON_BLOCKS = YES;
				GCC_OPTIMIZATION_LEVEL = 0;
				GCC_PREPROCESSOR_DEFINITIONS = (
					"DEBUG=1",
					"$(inherited)",
				);
				GCC_WARN_64_TO_32_BIT_CONVERSION = YES;
				GCC_WARN_ABOUT_RETURN_TYPE = YES_ERROR;
				GCC_WARN_UNDECLARED_SELECTOR = YES;
				GCC_WARN_UNINITIALIZED_AUTOS = YES_AGGRESSIVE;
				GCC_WARN_UNUSED_FUNCTION = YES;
				GCC_WARN_UNUSED_VARIABLE = YES;
				IPHONEOS_DEPLOYMENT_TARGET = 12.0;
				MTL_ENABLE_DEBUG_INFO = INCLUDE_SOURCE;
				ONLY_ACTIVE_ARCH = YES;
				SDKROOT = iphoneos;
				SWIFT_ACTIVE_COMPILATION_CONDITIONS = DEBUG;
				SWIFT_OPTIMIZATION_LEVEL = "-Onone";
			};
			name = Debug;
		};
		088C255D2118CF850012FE23 /* Release */ = {
			isa = XCBuildConfiguration;
			buildSettings = {
				ALWAYS_SEARCH_USER_PATHS = NO;
				CLANG_ANALYZER_NONNULL = YES;
				CLANG_ANALYZER_NUMBER_OBJECT_CONVERSION = YES_AGGRESSIVE;
				CLANG_CXX_LANGUAGE_STANDARD = "gnu++14";
				CLANG_CXX_LIBRARY = "libc++";
				CLANG_ENABLE_MODULES = YES;
				CLANG_ENABLE_OBJC_ARC = YES;
				CLANG_ENABLE_OBJC_WEAK = YES;
				CLANG_WARN_BLOCK_CAPTURE_AUTORELEASING = YES;
				CLANG_WARN_BOOL_CONVERSION = YES;
				CLANG_WARN_COMMA = YES;
				CLANG_WARN_CONSTANT_CONVERSION = YES;
				CLANG_WARN_DEPRECATED_OBJC_IMPLEMENTATIONS = YES;
				CLANG_WARN_DIRECT_OBJC_ISA_USAGE = YES_ERROR;
				CLANG_WARN_DOCUMENTATION_COMMENTS = YES;
				CLANG_WARN_EMPTY_BODY = YES;
				CLANG_WARN_ENUM_CONVERSION = YES;
				CLANG_WARN_INFINITE_RECURSION = YES;
				CLANG_WARN_INT_CONVERSION = YES;
				CLANG_WARN_NON_LITERAL_NULL_CONVERSION = YES;
				CLANG_WARN_OBJC_IMPLICIT_RETAIN_SELF = YES;
				CLANG_WARN_OBJC_LITERAL_CONVERSION = YES;
				CLANG_WARN_OBJC_ROOT_CLASS = YES_ERROR;
				CLANG_WARN_RANGE_LOOP_ANALYSIS = YES;
				CLANG_WARN_STRICT_PROTOTYPES = YES;
				CLANG_WARN_SUSPICIOUS_MOVE = YES;
				CLANG_WARN_UNGUARDED_AVAILABILITY = YES_AGGRESSIVE;
				CLANG_WARN_UNREACHABLE_CODE = YES;
				CLANG_WARN__DUPLICATE_METHOD_MATCH = YES;
				CODE_SIGN_IDENTITY = "iPhone Developer";
				COPY_PHASE_STRIP = NO;
				DEBUG_INFORMATION_FORMAT = "dwarf-with-dsym";
				ENABLE_NS_ASSERTIONS = NO;
				ENABLE_STRICT_OBJC_MSGSEND = YES;
				GCC_C_LANGUAGE_STANDARD = gnu11;
				GCC_NO_COMMON_BLOCKS = YES;
				GCC_WARN_64_TO_32_BIT_CONVERSION = YES;
				GCC_WARN_ABOUT_RETURN_TYPE = YES_ERROR;
				GCC_WARN_UNDECLARED_SELECTOR = YES;
				GCC_WARN_UNINITIALIZED_AUTOS = YES_AGGRESSIVE;
				GCC_WARN_UNUSED_FUNCTION = YES;
				GCC_WARN_UNUSED_VARIABLE = YES;
				IPHONEOS_DEPLOYMENT_TARGET = 12.0;
				MTL_ENABLE_DEBUG_INFO = NO;
				SDKROOT = iphoneos;
				SWIFT_COMPILATION_MODE = wholemodule;
				SWIFT_OPTIMIZATION_LEVEL = "-O";
				VALIDATE_PRODUCT = YES;
			};
			name = Release;
		};
		088C255F2118CF850012FE23 /* Debug */ = {
			isa = XCBuildConfiguration;
			buildSettings = {
				ASSETCATALOG_COMPILER_APPICON_NAME = AppIcon;
				CODE_SIGN_STYLE = Automatic;
				DEVELOPMENT_TEAM = 6N6RHY8HX7;
				INFOPLIST_FILE = PianoApp/Info.plist;
				IPHONEOS_DEPLOYMENT_TARGET = 11.4;
				LD_RUNPATH_SEARCH_PATHS = (
					"$(inherited)",
					"@executable_path/Frameworks",
				);
				PRODUCT_BUNDLE_IDENTIFIER = "ole-r.PianoApp";
				PRODUCT_NAME = "$(TARGET_NAME)";
				SWIFT_VERSION = 4.2;
				TARGETED_DEVICE_FAMILY = "1,2";
			};
			name = Debug;
		};
		088C25602118CF850012FE23 /* Release */ = {
			isa = XCBuildConfiguration;
			buildSettings = {
				ASSETCATALOG_COMPILER_APPICON_NAME = AppIcon;
				CODE_SIGN_STYLE = Automatic;
				DEVELOPMENT_TEAM = 6N6RHY8HX7;
				INFOPLIST_FILE = PianoApp/Info.plist;
				IPHONEOS_DEPLOYMENT_TARGET = 11.4;
				LD_RUNPATH_SEARCH_PATHS = (
					"$(inherited)",
					"@executable_path/Frameworks",
				);
				PRODUCT_BUNDLE_IDENTIFIER = "ole-r.PianoApp";
				PRODUCT_NAME = "$(TARGET_NAME)";
				SWIFT_VERSION = 4.2;
				TARGETED_DEVICE_FAMILY = "1,2";
			};
			name = Release;
		};
/* End XCBuildConfiguration section */

/* Begin XCConfigurationList section */
		088C25472118CF840012FE23 /* Build configuration list for PBXProject "PianoApp" */ = {
			isa = XCConfigurationList;
			buildConfigurations = (
				088C255C2118CF850012FE23 /* Debug */,
				088C255D2118CF850012FE23 /* Release */,
			);
			defaultConfigurationIsVisible = 0;
			defaultConfigurationName = Release;
		};
		088C255E2118CF850012FE23 /* Build configuration list for PBXNativeTarget "PianoApp" */ = {
			isa = XCConfigurationList;
			buildConfigurations = (
				088C255F2118CF850012FE23 /* Debug */,
				088C25602118CF850012FE23 /* Release */,
			);
			defaultConfigurationIsVisible = 0;
			defaultConfigurationName = Release;
		};
/* End XCConfigurationList section */
	};
	rootObject = 088C25442118CF840012FE23 /* Project object */;
}
